# This file is autogenerated, do not edit; changes may be undone by the next 'dep ensure'.


[[projects]]
  name = "github.com/mattn/go-runewidth"
  packages = ["."]
  revision = "ce7b0b5c7b45a81508558cd1dba6bb1e4ddb51bb"
  version = "v0.0.3"

[[projects]]
  branch = "master"
  name = "github.com/nsf/termbox-go"
  packages = ["."]
  revision = "60ab7e3d12ed91bc1b2486559c4b3a6b62297577"

[[projects]]
  branch = "master"
  name = "golang.org/x/sys"
  packages = ["unix"]
  revision = "70b957f3b65e069b4930ea94e2721eefa0f8f695"

[solve-meta]
  analyzer-name = "dep"
  analyzer-version = 1
  inputs-digest = "efb229bce3de8a7bf1614335a4747d5ef2ec729b5b229fef1002fd3262791d44"
  solver-name = "gps-cdcl"
  solver-version = 1
